{
  "name": "khmer-chess-board",
  "version": "1.0.0",
  "lockfileVersion": 1,
  "requires": true,
  "dependencies": {
    "khmer-chess": {
      "version": "1.0.2",
      "resolved": "https://registry.npmjs.org/khmer-chess/-/khmer-chess-1.0.2.tgz",
      "integrity": "sha512-jIIGXzoanIQH1AvsvJNBOthmkz6IWHUOIsHPbTji2ejKXbzDgLwqnlRZMnUqhhASlYLCK4Ry26okKD7Ge0JASA=="
    }
  }
}
